
Microsoft Visual Studio Solution File, Format Version 12.00
# Visual Studio Version 17
VisualStudioVersion = 17.4.33205.214
MinimumVisualStudioVersion = 10.0.40219.1
Project("{9A19103F-16F7-4668-BE54-9A1E7A4F7556}") = "InvoiceDocumentApi", "InvoiceDocumentApi\InvoiceDocumentApi.csproj", "{1EF2FEA4-EF6A-412E-BEA1-7115970788FD}"
EndProject
Project("{9A19103F-16F7-4668-BE54-9A1E7A4F7556}") = "IdentityServer", "Identity\IdentityServer\IdentityServer.csproj", "{C62AD8FF-0EF6-4B1C-869B-CDEE23B0F0F8}"
EndProject
Project("{9A19103F-16F7-4668-BE54-9A1E7A4F7556}") = "InvoiceClient", "InvoiceClient\InvoiceClient.csproj", "{EC229999-6D8C-4C49-8673-466E17754D7A}"
EndProject
Global
	GlobalSection(SolutionConfigurationPlatforms) = preSolution
		Debug|Any CPU = Debug|Any CPU
		Release|Any CPU = Release|Any CPU
	EndGlobalSection
	GlobalSection(ProjectConfigurationPlatforms) = postSolution
		{1EF2FEA4-EF6A-412E-BEA1-7115970788FD}.Debug|Any CPU.ActiveCfg = Debug|Any CPU
		{1EF2FEA4-EF6A-412E-BEA1-7115970788FD}.Debug|Any CPU.Build.0 = Debug|Any CPU
		{1EF2FEA4-EF6A-412E-BEA1-7115970788FD}.Release|Any CPU.ActiveCfg = Release|Any CPU
		{1EF2FEA4-EF6A-412E-BEA1-7115970788FD}.Release|Any CPU.Build.0 = Release|Any CPU
		{C62AD8FF-0EF6-4B1C-869B-CDEE23B0F0F8}.Debug|Any CPU.ActiveCfg = Debug|Any CPU
		{C62AD8FF-0EF6-4B1C-869B-CDEE23B0F0F8}.Debug|Any CPU.Build.0 = Debug|Any CPU
		{C62AD8FF-0EF6-4B1C-869B-CDEE23B0F0F8}.Release|Any CPU.ActiveCfg = Release|Any CPU
		{C62AD8FF-0EF6-4B1C-869B-CDEE23B0F0F8}.Release|Any CPU.Build.0 = Release|Any CPU
		{EC229999-6D8C-4C49-8673-466E17754D7A}.Debug|Any CPU.ActiveCfg = Debug|Any CPU
		{EC229999-6D8C-4C49-8673-466E17754D7A}.Debug|Any CPU.Build.0 = Debug|Any CPU
		{EC229999-6D8C-4C49-8673-466E17754D7A}.Release|Any CPU.ActiveCfg = Release|Any CPU
		{EC229999-6D8C-4C49-8673-466E17754D7A}.Release|Any CPU.Build.0 = Release|Any CPU
	EndGlobalSection
	GlobalSection(SolutionProperties) = preSolution
		HideSolutionNode = FALSE
	EndGlobalSection
	GlobalSection(ExtensibilityGlobals) = postSolution
		SolutionGuid = {7F92FFE5-A30A-4C57-BBF7-A56FDF28F9B4}
	EndGlobalSection
EndGlobal
